
Microsoft Visual Studio Solution File, Format Version 12.00
# Visual Studio Version 16
VisualStudioVersion = 16.0.31313.79
MinimumVisualStudioVersion = 10.0.40219.1
Project("{FAE04EC0-301F-11D3-BF4B-00C04F79EFBC}") = "CorePrograms", "CorePrograms\CorePrograms.csproj", "{FBE0768B-807A-4416-B01F-E95B5823455B}"
EndProject
Global
	GlobalSection(SolutionConfigurationPlatforms) = preSolution
		Debug|Any CPU = Debug|Any CPU
		Release|Any CPU = Release|Any CPU
	EndGlobalSection
	GlobalSection(ProjectConfigurationPlatforms) = postSolution
		{FBE0768B-807A-4416-B01F-E95B5823455B}.Debug|Any CPU.ActiveCfg = Debug|Any CPU
		{FBE0768B-807A-4416-B01F-E95B5823455B}.Debug|Any CPU.Build.0 = Debug|Any CPU
		{FBE0768B-807A-4416-B01F-E95B5823455B}.Release|Any CPU.ActiveCfg = Release|Any CPU
		{FBE0768B-807A-4416-B01F-E95B5823455B}.Release|Any CPU.Build.0 = Release|Any CPU
	EndGlobalSection
	GlobalSection(SolutionProperties) = preSolution
		HideSolutionNode = FALSE
	EndGlobalSection
	GlobalSection(ExtensibilityGlobals) = postSolution
		SolutionGuid = {46E63368-0F4E-4A70-8339-1A8CDAD05D63}
	EndGlobalSection
EndGlobal
